
Microsoft Visual Studio Solution File, Format Version 12.00
# Visual Studio Version 16
VisualStudioVersion = 16.0.31624.102
MinimumVisualStudioVersion = 10.0.40219.1
Project("{FAE04EC0-301F-11D3-BF4B-00C04F79EFBC}") = "assaignment1", "assaignment1\assaignment1.csproj", "{817EE7CC-FB35-4DDC-9034-2B15FE638255}"
EndProject
Global
	GlobalSection(SolutionConfigurationPlatforms) = preSolution
		Debug|Any CPU = Debug|Any CPU
		Release|Any CPU = Release|Any CPU
	EndGlobalSection
	GlobalSection(ProjectConfigurationPlatforms) = postSolution
		{817EE7CC-FB35-4DDC-9034-2B15FE638255}.Debug|Any CPU.ActiveCfg = Debug|Any CPU
		{817EE7CC-FB35-4DDC-9034-2B15FE638255}.Debug|Any CPU.Build.0 = Debug|Any CPU
		{817EE7CC-FB35-4DDC-9034-2B15FE638255}.Release|Any CPU.ActiveCfg = Release|Any CPU
		{817EE7CC-FB35-4DDC-9034-2B15FE638255}.Release|Any CPU.Build.0 = Release|Any CPU
	EndGlobalSection
	GlobalSection(SolutionProperties) = preSolution
		HideSolutionNode = FALSE
	EndGlobalSection
	GlobalSection(ExtensibilityGlobals) = postSolution
		SolutionGuid = {2A64BD83-3970-4AFB-BA92-C1CB647F9492}
	EndGlobalSection
EndGlobal
